
Microsoft Visual Studio Solution File, Format Version 12.00
# Visual Studio Version 17
VisualStudioVersion = 17.9.34701.34
MinimumVisualStudioVersion = 10.0.40219.1
Project("{FAE04EC0-301F-11D3-BF4B-00C04F79EFBC}") = "Fitness_Tracker_00016171", "Fitness_Tracker_00016171\Fitness_Tracker_00016171.csproj", "{8DB560B5-1185-4F9B-8D57-F81D42FCFB30}"
EndProject
Global
	GlobalSection(SolutionConfigurationPlatforms) = preSolution
		Debug|Any CPU = Debug|Any CPU
		Release|Any CPU = Release|Any CPU
	EndGlobalSection
	GlobalSection(ProjectConfigurationPlatforms) = postSolution
		{8DB560B5-1185-4F9B-8D57-F81D42FCFB30}.Debug|Any CPU.ActiveCfg = Debug|Any CPU
		{8DB560B5-1185-4F9B-8D57-F81D42FCFB30}.Debug|Any CPU.Build.0 = Debug|Any CPU
		{8DB560B5-1185-4F9B-8D57-F81D42FCFB30}.Release|Any CPU.ActiveCfg = Release|Any CPU
		{8DB560B5-1185-4F9B-8D57-F81D42FCFB30}.Release|Any CPU.Build.0 = Release|Any CPU
	EndGlobalSection
	GlobalSection(SolutionProperties) = preSolution
		HideSolutionNode = FALSE
	EndGlobalSection
	GlobalSection(ExtensibilityGlobals) = postSolution
		SolutionGuid = {713FF814-A5BC-4726-B9AC-42442E0AA572}
	EndGlobalSection
EndGlobal
